
Microsoft Visual Studio Solution File, Format Version 12.00
# Visual Studio Version 17
VisualStudioVersion = 17.6.33829.357
MinimumVisualStudioVersion = 10.0.40219.1
Project("{8BC9CEB8-8B4A-11D0-8D11-00A0C91BC942}") = "MasitTanghuru", "MasitTanghuru.vcxproj", "{852E91D8-98A7-4667-9432-A8410BBFCA5C}"
EndProject
Global
	GlobalSection(SolutionConfigurationPlatforms) = preSolution
		Debug|x64 = Debug|x64
		Debug|x86 = Debug|x86
		Release|x64 = Release|x64
		Release|x86 = Release|x86
	EndGlobalSection
	GlobalSection(ProjectConfigurationPlatforms) = postSolution
		{852E91D8-98A7-4667-9432-A8410BBFCA5C}.Debug|x64.ActiveCfg = Debug|x64
		{852E91D8-98A7-4667-9432-A8410BBFCA5C}.Debug|x64.Build.0 = Debug|x64
		{852E91D8-98A7-4667-9432-A8410BBFCA5C}.Debug|x86.ActiveCfg = Debug|x64
		{852E91D8-98A7-4667-9432-A8410BBFCA5C}.Debug|x86.Build.0 = Debug|x64
		{852E91D8-98A7-4667-9432-A8410BBFCA5C}.Release|x64.ActiveCfg = Release|x64
		{852E91D8-98A7-4667-9432-A8410BBFCA5C}.Release|x64.Build.0 = Release|x64
		{852E91D8-98A7-4667-9432-A8410BBFCA5C}.Release|x86.ActiveCfg = Release|Win32
		{852E91D8-98A7-4667-9432-A8410BBFCA5C}.Release|x86.Build.0 = Release|Win32
	EndGlobalSection
	GlobalSection(SolutionProperties) = preSolution
		HideSolutionNode = FALSE
	EndGlobalSection
	GlobalSection(ExtensibilityGlobals) = postSolution
		SolutionGuid = {BF2293A8-335A-4B2A-A665-F81A8082BA82}
	EndGlobalSection
EndGlobal
