<?xml version="1.0" encoding="utf-8"?>
<Project ToolsVersion="4.0" xmlns="http://schemas.microsoft.com/developer/msbuild/2003">
  <ItemGroup>
    <Filter Include="소스 파일">
      <UniqueIdentifier>{4FC737F1-C7A5-4376-A066-2A32D752A2FF}</UniqueIdentifier>
      <Extensions>cpp;c;cc;cxx;c++;cppm;ixx;def;odl;idl;hpj;bat;asm;asmx</Extensions>
    </Filter>
    <Filter Include="헤더 파일">
      <UniqueIdentifier>{93995380-89BD-4b04-88EB-625FBE52EBFB}</UniqueIdentifier>
      <Extensions>h;hh;hpp;hxx;h++;hm;inl;inc;ipp;xsd</Extensions>
    </Filter>
    <Filter Include="리소스 파일">
      <UniqueIdentifier>{67DA6AB6-F800-4c08-8B7A-83BB121AAD01}</UniqueIdentifier>
      <Extensions>rc;ico;cur;bmp;dlg;rc2;rct;bin;rgs;gif;jpg;jpeg;jpe;resx;tiff;tif;png;wav;mfcribbon-ms</Extensions>
    </Filter>
  </ItemGroup>
  <ItemGroup>
    <ClCompile Include="main.cpp">
      <Filter>리소스 파일</Filter>
    </ClCompile>
    <ClCompile Include="game.cpp">
      <Filter>리소스 파일</Filter>
    </ClCompile>
    <ClCompile Include="game_rule.cpp">
      <Filter>리소스 파일</Filter>
    </ClCompile>
    <ClCompile Include="happy.cpp">
      <Filter>리소스 파일</Filter>
    </ClCompile>
    <ClCompile Include="bad.cpp">
      <Filter>리소스 파일</Filter>
    </ClCompile>
    <ClCompile Include="levelup.cpp">
      <Filter>리소스 파일</Filter>
    </ClCompile>
    <ClCompile Include="start.cpp">
      <Filter>리소스 파일</Filter>
    </ClCompile>
    <ClCompile Include="bad_test.cpp">
      <Filter>리소스 파일</Filter>
    </ClCompile>
    <ClCompile Include="happy_test.cpp">
      <Filter>리소스 파일</Filter>
    </ClCompile>
    <ClCompile Include="levelup_test.cpp">
      <Filter>리소스 파일</Filter>
    </ClCompile>
  </ItemGroup>
  <ItemGroup>
    <Image Include="image\Start_btn.png">
      <Filter>리소스 파일</Filter>
    </Image>
    <Image Include="image\Rule_btn.png">
      <Filter>리소스 파일</Filter>
    </Image>
    <Image Include="image\Back_btn.png">
      <Filter>리소스 파일</Filter>
    </Image>
    <Image Include="image\Bad_frame.png">
      <Filter>리소스 파일</Filter>
    </Image>
    <Image Include="image\Blackgrape.png">
      <Filter>리소스 파일</Filter>
    </Image>
    <Image Include="image\Blackgrape_box.png">
      <Filter>리소스 파일</Filter>
    </Image>
    <Image Include="image\Boxlid.png">
      <Filter>리소스 파일</Filter>
    </Image>
    <Image Include="image\Game_frame.png">
      <Filter>리소스 파일</Filter>
    </Image>
    <Image Include="image\Happy_frame.png">
      <Filter>리소스 파일</Filter>
    </Image>
    <Image Include="image\Levelup_frame.png">
      <Filter>리소스 파일</Filter>
    </Image>
    <Image Include="image\Main_frame.png">
      <Filter>리소스 파일</Filter>
    </Image>
    <Image Include="image\Mandarin.png">
      <Filter>리소스 파일</Filter>
    </Image>
    <Image Include="image\Pineapple.png">
      <Filter>리소스 파일</Filter>
    </Image>
    <Image Include="image\Pineapple_box.png">
      <Filter>리소스 파일</Filter>
    </Image>
    <Image Include="image\Rule_frame.png">
      <Filter>리소스 파일</Filter>
    </Image>
    <Image Include="image\Sale_btn.png">
      <Filter>리소스 파일</Filter>
    </Image>
    <Image Include="image\Shinemusket.png">
      <Filter>리소스 파일</Filter>
    </Image>
    <Image Include="image\Shinemusket_box.png">
      <Filter>리소스 파일</Filter>
    </Image>
    <Image Include="image\Stick.png">
      <Filter>리소스 파일</Filter>
    </Image>
    <Image Include="image\Stick_box.png">
      <Filter>리소스 파일</Filter>
    </Image>
    <Image Include="image\Strawberry.png">
      <Filter>리소스 파일</Filter>
    </Image>
    <Image Include="image\Strawberry_box.png">
      <Filter>리소스 파일</Filter>
    </Image>
    <Image Include="image\Sugarpot.png">
      <Filter>리소스 파일</Filter>
    </Image>
    <Image Include="image\main.png">
      <Filter>리소스 파일</Filter>
    </Image>
    <Image Include="image\Mandarin_box.png">
      <Filter>리소스 파일</Filter>
    </Image>
    <Image Include="image\Startback_btn.png">
      <Filter>리소스 파일</Filter>
    </Image>
<<<<<<< HEAD
    <Image Include="..\Users\easy0\OneDrive\문서\CuttingBoard.png">
=======
    <Image Include="image\Nextstep_btn.png">
>>>>>>> 600246ef8484c672c9667c928e13362f270750db
      <Filter>리소스 파일</Filter>
    </Image>
  </ItemGroup>
  <ItemGroup>
    <ClInclude Include="game.h">
      <Filter>소스 파일</Filter>
    </ClInclude>
    <ClInclude Include="game_rule.h">
      <Filter>소스 파일</Filter>
    </ClInclude>
    <ClInclude Include="main.h">
      <Filter>소스 파일</Filter>
    </ClInclude>
    <ClInclude Include="bad.h">
      <Filter>소스 파일</Filter>
    </ClInclude>
    <ClInclude Include="happy.h">
      <Filter>소스 파일</Filter>
    </ClInclude>
    <ClInclude Include="levleup.h">
      <Filter>소스 파일</Filter>
    </ClInclude>
  </ItemGroup>
  <ItemGroup>
    <Font Include="font\NanumSquareL.ttf">
      <Filter>리소스 파일</Filter>
    </Font>
  </ItemGroup>
</Project>